# THIS IS AN AUTOGENERATED FILE. DO NOT EDIT THIS FILE DIRECTLY.
# yarn lockfile v1


"js-tokens@^3.0.0 || ^4.0.0":
  version "4.0.0"
  resolved "https://!registry.yarnpkg.com/js-tokens/-/js-tokens-4.0.0.tgz#19203fb59991df98e3a287050d4647cdeaf32499"
  integrity sha512-RdJUflcE3cUzKiMqQgsCu06FPu9UdIJO0beYbPhHN4k6apgJtifcoCtT9bcxOpYBtpD2kCM6Sbzg4CausW/PKQ==

loadash@^1.0.0:
  version "1.0.0"
  resolved "https://!registry.yarnpkg.com/loadash/-/loadash-1.0.0.tgz#b92e54d809f3c225f4f9a9cfbaeae5b56de1ca9f"
  integrity sha512-xlX5HBsXB3KG0FJbJJG/3kYWCfsCyCSus3T+uHVu6QL6YxAdggmm3QeyLgn54N2yi5/UE6xxL5ZWJAAiHzHYEg==

loose-envify@^1.1.0:
  version "1.4.0"
  resolved "https://!registry.yarnpkg.com/loose-envify/-/loose-envify-1.4.0.tgz#71ee51fa7be4caec1a63839f7e682d8132d30caf"
  integrity sha512-lyuxPGr/Wfhrlem2CL/UcnUc1zcqKAImBDzukY7Y5F/yQiNdko6+fRLevlw1HgMySw7f611UIY408EtxRSoK3Q==
  dependencies:
    js-tokens "^3.0.0 || ^4.0.0"

reac@^0.0.0:
  version "0.0.0"
  resolved "https://!registry.yarnpkg.com/reac/-/reac-0.0.0.tgz#5b8461c365578763af6ee41a69e1fde4e49c390a"
  integrity sha512-ZTUwef1ifvoGaGs2wZzQf3WkDAsiVsGGjPTUNJouYDAgS7j1A9xlXb4K2Vv4IY6hw41YqYIc7A1gFDkWG9F9sA==

react@^18.2.0:
  version "18.2.0"
  resolved "https://!registry.yarnpkg.com/react/-/react-18.2.0.tgz#555bd98592883255fa00de14f1151a917b5d77d5"
  integrity sha512-/3IjMdb2L9QbBdWiW5e3P2/npwMBaU9mHCSCUzNln0ZCYbcfTsGbTJrU/kGemdH2IWmB2ioZ+zkxtmq6g09fGQ==
  dependencies:
    loose-envify "^1.1.0"
